<?xml version="1.0" encoding="utf-8"?>
<Project ToolsVersion="4.0" xmlns="http://schemas.microsoft.com/developer/msbuild/2003">
  <ItemGroup>
    <Filter Include="源文件">
      <UniqueIdentifier>{4FC737F1-C7A5-4376-A066-2A32D752A2FF}</UniqueIdentifier>
      <Extensions>cpp;c;cc;cxx;def;odl;idl;hpj;bat;asm;asmx</Extensions>
    </Filter>
    <Filter Include="头文件">
      <UniqueIdentifier>{93995380-89BD-4b04-88EB-625FBE52EBFB}</UniqueIdentifier>
      <Extensions>h;hpp;hxx;hm;inl;inc;xsd</Extensions>
    </Filter>
    <Filter Include="资源文件">
      <UniqueIdentifier>{67DA6AB6-F800-4c08-8B7A-83BB121AAD01}</UniqueIdentifier>
      <Extensions>rc;ico;cur;bmp;dlg;rc2;rct;bin;rgs;gif;jpg;jpeg;jpe;resx;tiff;tif;png;wav;mfcribbon-ms</Extensions>
    </Filter>
    <Filter Include="Shader">
      <UniqueIdentifier>{20aabb49-2158-4a1b-a039-297df7178051}</UniqueIdentifier>
    </Filter>
    <Filter Include="Demo">
      <UniqueIdentifier>{9bbc8dcc-b186-4c77-a1bc-e31bf544b2f1}</UniqueIdentifier>
    </Filter>
    <Filter Include="Common">
      <UniqueIdentifier>{0a2500a2-7699-403c-b52e-69e697744984}</UniqueIdentifier>
    </Filter>
    <Filter Include="ResourceProvider">
      <UniqueIdentifier>{062bf55e-a52b-4a38-a792-75ff4ceb3524}</UniqueIdentifier>
    </Filter>
  </ItemGroup>
  <ItemGroup>
    <Text Include="ReadMe.txt" />
  </ItemGroup>
  <ItemGroup>
    <ClInclude Include="stdafx.h">
      <Filter>头文件</Filter>
    </ClInclude>
    <ClInclude Include="targetver.h">
      <Filter>头文件</Filter>
    </ClInclude>
    <ClInclude Include="Resource.h">
      <Filter>头文件</Filter>
    </ClInclude>
    <ClInclude Include="DX11_Text.h">
      <Filter>头文件</Filter>
    </ClInclude>
    <ClInclude Include="Demo\DX113DBase.h">
      <Filter>Demo</Filter>
    </ClInclude>
    <ClInclude Include="Demo\DX11Base.h">
      <Filter>Demo</Filter>
    </ClInclude>
    <ClInclude Include="Demo\DX11Demo.h">
      <Filter>Demo</Filter>
    </ClInclude>
    <ClInclude Include="Common\Lights.h">
      <Filter>Common</Filter>
    </ClInclude>
    <ClInclude Include="Common\GeometryGens.h">
      <Filter>Common</Filter>
    </ClInclude>
    <ClInclude Include="ResourceProvider\objModel.h">
      <Filter>ResourceProvider</Filter>
    </ClInclude>
    <ClInclude Include="ResourceProvider\objLoader.h">
      <Filter>ResourceProvider</Filter>
    </ClInclude>
    <ClInclude Include="ResourceProvider\mtlLoader.h">
      <Filter>ResourceProvider</Filter>
    </ClInclude>
    <ClInclude Include="Demo\DX11Camera.h">
      <Filter>Common</Filter>
    </ClInclude>
    <ClInclude Include="Demo\ModulDemo\DX11CubeEffectDemo.h">
      <Filter>Demo</Filter>
    </ClInclude>
    <ClInclude Include="Demo\ModulDemo\DX11CubeDemo.h">
      <Filter>Demo</Filter>
    </ClInclude>
    <ClInclude Include="Demo\TexDemo\DX11FontDemo.h">
      <Filter>Demo</Filter>
    </ClInclude>
    <ClInclude Include="Demo\TexDemo\DX11FreeTypeFontDemo.h">
      <Filter>Demo</Filter>
    </ClInclude>
    <ClInclude Include="Demo\TexDemo\DX11MapDemo.h">
      <Filter>Demo</Filter>
    </ClInclude>
    <ClInclude Include="Demo\TexDemo\DX11SpriteDemo.h">
      <Filter>Demo</Filter>
    </ClInclude>
    <ClInclude Include="Demo\TexDemo\DX11TexDemo.h">
      <Filter>Demo</Filter>
    </ClInclude>
    <ClInclude Include="Demo\ModulDemo\DX11ModelDemo.h">
      <Filter>Demo</Filter>
    </ClInclude>
    <ClInclude Include="Demo\ShaderDemo\DX11NormalMappingDemo.h">
      <Filter>Demo</Filter>
    </ClInclude>
    <ClInclude Include="Demo\ShaderDemo\DX11Light.h">
      <Filter>头文件</Filter>
    </ClInclude>
  </ItemGroup>
  <ItemGroup>
    <ClCompile Include="stdafx.cpp">
      <Filter>源文件</Filter>
    </ClCompile>
    <ClCompile Include="DX11_Text.cpp">
      <Filter>源文件</Filter>
    </ClCompile>
    <ClCompile Include="Demo\DX113DBase.cpp">
      <Filter>Demo</Filter>
    </ClCompile>
    <ClCompile Include="Demo\DX11Base.cpp">
      <Filter>Demo</Filter>
    </ClCompile>
    <ClCompile Include="Demo\DX11Demo.cpp">
      <Filter>Demo</Filter>
    </ClCompile>
    <ClCompile Include="Common\GeometryGens.cpp">
      <Filter>Common</Filter>
    </ClCompile>
    <ClCompile Include="ResourceProvider\objModel.cpp">
      <Filter>ResourceProvider</Filter>
    </ClCompile>
    <ClCompile Include="ResourceProvider\objLoader.cpp">
      <Filter>ResourceProvider</Filter>
    </ClCompile>
    <ClCompile Include="ResourceProvider\mtlLoader.cpp">
      <Filter>ResourceProvider</Filter>
    </ClCompile>
    <ClCompile Include="Demo\DX11Camera.cpp">
      <Filter>Common</Filter>
    </ClCompile>
    <ClCompile Include="Demo\ModulDemo\DX11CubeDemo.cpp">
      <Filter>Demo</Filter>
    </ClCompile>
    <ClCompile Include="Demo\ModulDemo\DX11CubeEffectDemo.cpp">
      <Filter>Demo</Filter>
    </ClCompile>
    <ClCompile Include="Demo\TexDemo\DX11FontDemo.cpp">
      <Filter>Demo</Filter>
    </ClCompile>
    <ClCompile Include="Demo\TexDemo\DX11FreeTypeFontDemo.cpp">
      <Filter>Demo</Filter>
    </ClCompile>
    <ClCompile Include="Demo\TexDemo\DX11MapDemo.cpp">
      <Filter>Demo</Filter>
    </ClCompile>
    <ClCompile Include="Demo\TexDemo\DX11SpriteDemo.cpp">
      <Filter>Demo</Filter>
    </ClCompile>
    <ClCompile Include="Demo\TexDemo\DX11TexDemo.cpp">
      <Filter>Demo</Filter>
    </ClCompile>
    <ClCompile Include="Demo\ModulDemo\DX11ModelDemo.cpp">
      <Filter>Demo</Filter>
    </ClCompile>
    <ClCompile Include="Demo\ShaderDemo\DX11NormalMappingDemo.cpp">
      <Filter>Demo</Filter>
    </ClCompile>
    <ClCompile Include="Demo\ShaderDemo\DX11Light.cpp">
      <Filter>源文件</Filter>
    </ClCompile>
  </ItemGroup>
  <ItemGroup>
    <ResourceCompile Include="DX11_Text.rc">
      <Filter>资源文件</Filter>
    </ResourceCompile>
  </ItemGroup>
  <ItemGroup>
    <Image Include="small.ico">
      <Filter>资源文件</Filter>
    </Image>
    <Image Include="DX11_Text.ico">
      <Filter>资源文件</Filter>
    </Image>
  </ItemGroup>
  <ItemGroup>
    <None Include="Shader\DX11Demo.fx">
      <Filter>Shader</Filter>
    </None>
    <None Include="Shader\Light.fx">
      <Filter>Shader</Filter>
    </None>
    <None Include="Shader\DX11TexDemo.fx">
      <Filter>Shader</Filter>
    </None>
    <None Include="Shader\DX11SpriteDemo.fx">
      <Filter>Shader</Filter>
    </None>
    <None Include="Shader\DX11NormalMappingDemo.fx">
      <Filter>Shader</Filter>
    </None>
    <None Include="Shader\DX11ModelDemo.fx">
      <Filter>Shader</Filter>
    </None>
    <None Include="Shader\DX11MapDemo.fx">
      <Filter>Shader</Filter>
    </None>
    <None Include="Shader\DX11CubeEffectDemo.fx">
      <Filter>Shader</Filter>
    </None>
    <None Include="Shader\DX11CubeDemo.fx">
      <Filter>Shader</Filter>
    </None>
  </ItemGroup>
</Project>